
Microsoft Visual Studio Solution File, Format Version 12.00
# Visual Studio Version 16
VisualStudioVersion = 16.0.29230.47
MinimumVisualStudioVersion = 10.0.40219.1
Project("{FAE04EC0-301F-11D3-BF4B-00C04F79EFBC}") = "HSIS_lab_1", "HSIS_lab_1.csproj", "{0DA03126-BFE7-49DA-AA83-CCA433E97ED6}"
EndProject
Global
	GlobalSection(SolutionConfigurationPlatforms) = preSolution
		Debug|Any CPU = Debug|Any CPU
		Release|Any CPU = Release|Any CPU
	EndGlobalSection
	GlobalSection(ProjectConfigurationPlatforms) = postSolution
		{0DA03126-BFE7-49DA-AA83-CCA433E97ED6}.Debug|Any CPU.ActiveCfg = Debug|Any CPU
		{0DA03126-BFE7-49DA-AA83-CCA433E97ED6}.Debug|Any CPU.Build.0 = Debug|Any CPU
		{0DA03126-BFE7-49DA-AA83-CCA433E97ED6}.Release|Any CPU.ActiveCfg = Release|Any CPU
		{0DA03126-BFE7-49DA-AA83-CCA433E97ED6}.Release|Any CPU.Build.0 = Release|Any CPU
	EndGlobalSection
	GlobalSection(SolutionProperties) = preSolution
		HideSolutionNode = FALSE
	EndGlobalSection
	GlobalSection(ExtensibilityGlobals) = postSolution
		SolutionGuid = {141EF4DE-CA77-4A85-ABCB-6766C337505E}
	EndGlobalSection
EndGlobal
